<?xml version="1.0" encoding="utf-8"?>
<Project ToolsVersion="4.0" xmlns="http://schemas.microsoft.com/developer/msbuild/2003">
  <ItemGroup>
    <Filter Include="Source Files">
      <UniqueIdentifier>{4FC737F1-C7A5-4376-A066-2A32D752A2FF}</UniqueIdentifier>
      <Extensions>cpp;c;cc;cxx;c++;cppm;ixx;def;odl;idl;hpj;bat;asm;asmx</Extensions>
    </Filter>
    <Filter Include="Header Files">
      <UniqueIdentifier>{93995380-89BD-4b04-88EB-625FBE52EBFB}</UniqueIdentifier>
      <Extensions>h;hh;hpp;hxx;h++;hm;inl;inc;ipp;xsd</Extensions>
    </Filter>
    <Filter Include="Resource Files">
      <UniqueIdentifier>{67DA6AB6-F800-4c08-8B7A-83BB121AAD01}</UniqueIdentifier>
      <Extensions>rc;ico;cur;bmp;dlg;rc2;rct;bin;rgs;gif;jpg;jpeg;jpe;resx;tiff;tif;png;wav;mfcribbon-ms</Extensions>
    </Filter>
    <Filter Include="Header Files\frame">
      <UniqueIdentifier>{cab79d4a-f374-4071-a28c-80f1cf863e84}</UniqueIdentifier>
    </Filter>
    <Filter Include="Header Files\frame\dispatcher">
      <UniqueIdentifier>{238aecc7-0083-4d83-95b8-cfc3d8ce1369}</UniqueIdentifier>
    </Filter>
    <Filter Include="Source Files\dispatcher">
      <UniqueIdentifier>{fe6d5704-4e7b-41df-accf-5223ac890869}</UniqueIdentifier>
    </Filter>
  </ItemGroup>
  <ItemGroup>
    <ClInclude Include="..\..\..\..\include\graphics\frame\frame.hpp">
      <Filter>Header Files\frame</Filter>
    </ClInclude>
    <ClInclude Include="..\..\..\..\include\graphics\frame\frame_base.hpp">
      <Filter>Header Files\frame</Filter>
    </ClInclude>
    <ClInclude Include="..\..\..\..\include\graphics\frame\declare.hpp">
      <Filter>Header Files\frame</Filter>
    </ClInclude>
    <ClInclude Include="..\..\..\..\include\graphics\frame\frame_configuration.hpp">
      <Filter>Header Files\frame</Filter>
    </ClInclude>
    <ClInclude Include="..\..\..\..\include\graphics\frame\dispatcher\dispatcher.hpp">
      <Filter>Header Files\frame\dispatcher</Filter>
    </ClInclude>
    <ClInclude Include="..\..\..\..\include\graphics\frame\dispatcher\dispatch_slot.hpp">
      <Filter>Header Files\frame\dispatcher</Filter>
    </ClInclude>
  </ItemGroup>
  <ItemGroup>
    <ClCompile Include="..\..\..\..\source\frame\frame_base.cpp">
      <Filter>Source Files</Filter>
    </ClCompile>
    <ClCompile Include="..\..\..\..\source\frame\frame.cpp">
      <Filter>Source Files</Filter>
    </ClCompile>
    <ClCompile Include="..\..\..\..\source\frame\dispatcher\dispatcher.cpp">
      <Filter>Source Files\dispatcher</Filter>
    </ClCompile>
    <ClCompile Include="..\..\..\..\source\frame\dispatcher\dispatch_slot.cpp">
      <Filter>Source Files\dispatcher</Filter>
    </ClCompile>
  </ItemGroup>
</Project>